// !$*UTF8*$!
{
	archiveVersion = 1;
	classes = {
	};
	objectVersion = 55;
	objects = {

/* Begin PBXBuildFile section */
		472621D2288C913300B8D183 /* EasyIntArrayTasks.swift in Sources */ = {isa = PBXBuildFile; fileRef = 472621D1288C913300B8D183 /* EasyIntArrayTasks.swift */; };
		472621D3288C913300B8D183 /* EasyIntArrayTasks.swift in Sources */ = {isa = PBXBuildFile; fileRef = 472621D1288C913300B8D183 /* EasyIntArrayTasks.swift */; };
		472706CB288B936E00E2CCB1 /* DataStructures.swift in Sources */ = {isa = PBXBuildFile; fileRef = 476DFD4F2883A066009C266B /* DataStructures.swift */; };
		472706CC288B937100E2CCB1 /* Solution.swift in Sources */ = {isa = PBXBuildFile; fileRef = 472A995F2883985B00D7ACEE /* Solution.swift */; };
		472706CF288B955800E2CCB1 /* HardIntArrayTasks.swift in Sources */ = {isa = PBXBuildFile; fileRef = 47189D0F288B932500FFB1A1 /* HardIntArrayTasks.swift */; };
		472A608B28BFE2D400F614D7 /* EasySQLTasks.swift in Sources */ = {isa = PBXBuildFile; fileRef = 472A608A28BFE2D400F614D7 /* EasySQLTasks.swift */; };
		472A995D2883984000D7ACEE /* main.swift in Sources */ = {isa = PBXBuildFile; fileRef = 472A99282883956800D7ACEE /* main.swift */; };
		472A99602883985B00D7ACEE /* Solution.swift in Sources */ = {isa = PBXBuildFile; fileRef = 472A995F2883985B00D7ACEE /* Solution.swift */; };
		472A99612883986600D7ACEE /* Solution.swift in Sources */ = {isa = PBXBuildFile; fileRef = 472A995F2883985B00D7ACEE /* Solution.swift */; };
		472A99622883986600D7ACEE /* Solution.swift in Sources */ = {isa = PBXBuildFile; fileRef = 472A995F2883985B00D7ACEE /* Solution.swift */; };
		4762805728A69FD10068F752 /* EasyBinaryTreeTasks.swift in Sources */ = {isa = PBXBuildFile; fileRef = 4780DB0D28A69B1C00CC3615 /* EasyBinaryTreeTasks.swift */; };
		4762805B28A6F3EB0068F752 /* MediumHashMap.swift in Sources */ = {isa = PBXBuildFile; fileRef = 4762805A28A6F3EB0068F752 /* MediumHashMap.swift */; };
		4762805C28A6F3EB0068F752 /* MediumHashMap.swift in Sources */ = {isa = PBXBuildFile; fileRef = 4762805A28A6F3EB0068F752 /* MediumHashMap.swift */; };
		4762806028A8384A0068F752 /* MediumIntArrayTasks.swift in Sources */ = {isa = PBXBuildFile; fileRef = 4762805E28A836990068F752 /* MediumIntArrayTasks.swift */; };
		4766BF4628B56D8200081145 /* TestCases.swift in Sources */ = {isa = PBXBuildFile; fileRef = 4766BF4528B56D8200081145 /* TestCases.swift */; };
		4766BF4728B56D8200081145 /* TestCases.swift in Sources */ = {isa = PBXBuildFile; fileRef = 4766BF4528B56D8200081145 /* TestCases.swift */; };
		4766BF4928B574FA00081145 /* DataStructuresSupporing.swift in Sources */ = {isa = PBXBuildFile; fileRef = 4766BF4828B574FA00081145 /* DataStructuresSupporing.swift */; };
		4766BF4A28B574FA00081145 /* DataStructuresSupporing.swift in Sources */ = {isa = PBXBuildFile; fileRef = 4766BF4828B574FA00081145 /* DataStructuresSupporing.swift */; };
		4766BF4F28B830E300081145 /* EasyQueueTasks.swift in Sources */ = {isa = PBXBuildFile; fileRef = 4766BF4E28B830E300081145 /* EasyQueueTasks.swift */; };
		4766BF5028B830E300081145 /* EasyQueueTasks.swift in Sources */ = {isa = PBXBuildFile; fileRef = 4766BF4E28B830E300081145 /* EasyQueueTasks.swift */; };
		4766BF5128B830E300081145 /* EasyQueueTasks.swift in Sources */ = {isa = PBXBuildFile; fileRef = 4766BF4E28B830E300081145 /* EasyQueueTasks.swift */; };
		476DFD562883A092009C266B /* DataStructures.swift in Sources */ = {isa = PBXBuildFile; fileRef = 476DFD4F2883A066009C266B /* DataStructures.swift */; };
		476DFD582883A099009C266B /* DataStructures.swift in Sources */ = {isa = PBXBuildFile; fileRef = 476DFD4F2883A066009C266B /* DataStructures.swift */; };
		476DFD592883A09D009C266B /* DataStructures.swift in Sources */ = {isa = PBXBuildFile; fileRef = 476DFD4F2883A066009C266B /* DataStructures.swift */; };
		476DFD5F2883A108009C266B /* MediumLinkedListTasks.swift in Sources */ = {isa = PBXBuildFile; fileRef = 472A99532883975B00D7ACEE /* MediumLinkedListTasks.swift */; };
		476DFD63288A1153009C266B /* EasyIntTasks.swift in Sources */ = {isa = PBXBuildFile; fileRef = 476DFD61288A111B009C266B /* EasyIntTasks.swift */; };
		476DFD64288A125B009C266B /* EasyIntTasks.swift in Sources */ = {isa = PBXBuildFile; fileRef = 476DFD61288A111B009C266B /* EasyIntTasks.swift */; };
		476DFD6A288A3931009C266B /* EasyLinkedListTasks.swift in Sources */ = {isa = PBXBuildFile; fileRef = 476DFD4D2883A04D009C266B /* EasyLinkedListTasks.swift */; };
		476DFD6E288A43B1009C266B /* EasyStringTasks.swift in Sources */ = {isa = PBXBuildFile; fileRef = 476DFD6D288A43B1009C266B /* EasyStringTasks.swift */; };
		476DFD6F288A43C0009C266B /* EasyStringTasks.swift in Sources */ = {isa = PBXBuildFile; fileRef = 476DFD6D288A43B1009C266B /* EasyStringTasks.swift */; };
		4780DB0E28A69B1C00CC3615 /* EasyBinaryTreeTasks.swift in Sources */ = {isa = PBXBuildFile; fileRef = 4780DB0D28A69B1C00CC3615 /* EasyBinaryTreeTasks.swift */; };
		4795A31528ADB089008B39EE /* EasyStringArrayTasks.swift in Sources */ = {isa = PBXBuildFile; fileRef = 4795A31428ADB089008B39EE /* EasyStringArrayTasks.swift */; };
		4795A31628ADB089008B39EE /* EasyStringArrayTasks.swift in Sources */ = {isa = PBXBuildFile; fileRef = 4795A31428ADB089008B39EE /* EasyStringArrayTasks.swift */; };
		4795A31E28ADB3D3008B39EE /* TestAlgorithms.swift in Sources */ = {isa = PBXBuildFile; fileRef = 4795A31D28ADB3D3008B39EE /* TestAlgorithms.swift */; };
		4795A32428ADB44E008B39EE /* EasyIntArrayTasks.swift in Sources */ = {isa = PBXBuildFile; fileRef = 472621D1288C913300B8D183 /* EasyIntArrayTasks.swift */; };
		4795A32528ADB485008B39EE /* Solution.swift in Sources */ = {isa = PBXBuildFile; fileRef = 472A995F2883985B00D7ACEE /* Solution.swift */; };
		4795A32628ADB548008B39EE /* MediumHashMap.swift in Sources */ = {isa = PBXBuildFile; fileRef = 4762805A28A6F3EB0068F752 /* MediumHashMap.swift */; };
		4795A32728ADB54C008B39EE /* MediumIntArrayTasks.swift in Sources */ = {isa = PBXBuildFile; fileRef = 4762805E28A836990068F752 /* MediumIntArrayTasks.swift */; };
		4795A32828ADB550008B39EE /* HardIntArrayTasks.swift in Sources */ = {isa = PBXBuildFile; fileRef = 47189D0F288B932500FFB1A1 /* HardIntArrayTasks.swift */; };
		4795A32928ADB55F008B39EE /* MediumLinkedListTasks.swift in Sources */ = {isa = PBXBuildFile; fileRef = 472A99532883975B00D7ACEE /* MediumLinkedListTasks.swift */; };
		4795A32A28ADB56C008B39EE /* EasyLinkedListTasks.swift in Sources */ = {isa = PBXBuildFile; fileRef = 476DFD4D2883A04D009C266B /* EasyLinkedListTasks.swift */; };
		4795A32B28ADB571008B39EE /* EasyIntTasks.swift in Sources */ = {isa = PBXBuildFile; fileRef = 476DFD61288A111B009C266B /* EasyIntTasks.swift */; };
		4795A32C28ADB573008B39EE /* EasyLinkedListTasks.swift in Sources */ = {isa = PBXBuildFile; fileRef = 476DFD4D2883A04D009C266B /* EasyLinkedListTasks.swift */; };
		4795A32D28ADB576008B39EE /* EasyStringTasks.swift in Sources */ = {isa = PBXBuildFile; fileRef = 476DFD6D288A43B1009C266B /* EasyStringTasks.swift */; };
		4795A32E28ADB57B008B39EE /* EasyBinaryTreeTasks.swift in Sources */ = {isa = PBXBuildFile; fileRef = 4780DB0D28A69B1C00CC3615 /* EasyBinaryTreeTasks.swift */; };
		4795A32F28ADB580008B39EE /* DataStructures.swift in Sources */ = {isa = PBXBuildFile; fileRef = 476DFD4F2883A066009C266B /* DataStructures.swift */; };
		4795A33028ADB5D7008B39EE /* main.swift in Sources */ = {isa = PBXBuildFile; fileRef = 472A99282883956800D7ACEE /* main.swift */; };
		47B8C48C28BE984700107689 /* TestEasyStringTasks.swift in Sources */ = {isa = PBXBuildFile; fileRef = 47B8C48B28BE984700107689 /* TestEasyStringTasks.swift */; };
/* End PBXBuildFile section */

/* Begin PBXCopyFilesBuildPhase section */
		47189D05288B92BA00FFB1A1 /* CopyFiles */ = {
			isa = PBXCopyFilesBuildPhase;
			buildActionMask = 2147483647;
			dstPath = /usr/share/man/man1/;
			dstSubfolderSpec = 0;
			files = (
			);
			runOnlyForDeploymentPostprocessing = 1;
		};
		472A99232883956800D7ACEE /* CopyFiles */ = {
			isa = PBXCopyFilesBuildPhase;
			buildActionMask = 2147483647;
			dstPath = /usr/share/man/man1/;
			dstSubfolderSpec = 0;
			files = (
			);
			runOnlyForDeploymentPostprocessing = 1;
		};
		472A99312883958200D7ACEE /* CopyFiles */ = {
			isa = PBXCopyFilesBuildPhase;
			buildActionMask = 2147483647;
			dstPath = /usr/share/man/man1/;
			dstSubfolderSpec = 0;
			files = (
			);
			runOnlyForDeploymentPostprocessing = 1;
		};
		472A99492883970800D7ACEE /* CopyFiles */ = {
			isa = PBXCopyFilesBuildPhase;
			buildActionMask = 2147483647;
			dstPath = /usr/share/man/man1/;
			dstSubfolderSpec = 0;
			files = (
			);
			runOnlyForDeploymentPostprocessing = 1;
		};
/* End PBXCopyFilesBuildPhase section */

/* Begin PBXFileReference section */
		47189D07288B92BA00FFB1A1 /* Hard */ = {isa = PBXFileReference; explicitFileType = "compiled.mach-o.executable"; includeInIndex = 0; path = Hard; sourceTree = BUILT_PRODUCTS_DIR; };
		47189D0F288B932500FFB1A1 /* HardIntArrayTasks.swift */ = {isa = PBXFileReference; lastKnownFileType = sourcecode.swift; path = HardIntArrayTasks.swift; sourceTree = "<group>"; };
		472621CF288C768B00B8D183 /* LongTextCase.rtf */ = {isa = PBXFileReference; explicitFileType = text.json; path = LongTextCase.rtf; sourceTree = "<group>"; };
		472621D1288C913300B8D183 /* EasyIntArrayTasks.swift */ = {isa = PBXFileReference; lastKnownFileType = sourcecode.swift; path = EasyIntArrayTasks.swift; sourceTree = "<group>"; };
		472A608A28BFE2D400F614D7 /* EasySQLTasks.swift */ = {isa = PBXFileReference; lastKnownFileType = sourcecode.swift; path = EasySQLTasks.swift; sourceTree = "<group>"; };
		472A99252883956800D7ACEE /* Algorithms */ = {isa = PBXFileReference; explicitFileType = "compiled.mach-o.executable"; includeInIndex = 0; path = Algorithms; sourceTree = BUILT_PRODUCTS_DIR; };
		472A99282883956800D7ACEE /* main.swift */ = {isa = PBXFileReference; lastKnownFileType = sourcecode.swift; path = main.swift; sourceTree = "<group>"; };
		472A99332883958200D7ACEE /* Easy */ = {isa = PBXFileReference; explicitFileType = "compiled.mach-o.executable"; includeInIndex = 0; path = Easy; sourceTree = BUILT_PRODUCTS_DIR; };
		472A994B2883970800D7ACEE /* Medium */ = {isa = PBXFileReference; explicitFileType = "compiled.mach-o.executable"; includeInIndex = 0; path = Medium; sourceTree = BUILT_PRODUCTS_DIR; };
		472A99532883975B00D7ACEE /* MediumLinkedListTasks.swift */ = {isa = PBXFileReference; lastKnownFileType = sourcecode.swift; path = MediumLinkedListTasks.swift; sourceTree = "<group>"; };
		472A995F2883985B00D7ACEE /* Solution.swift */ = {isa = PBXFileReference; lastKnownFileType = sourcecode.swift; path = Solution.swift; sourceTree = "<group>"; };
		4762805A28A6F3EB0068F752 /* MediumHashMap.swift */ = {isa = PBXFileReference; lastKnownFileType = sourcecode.swift; path = MediumHashMap.swift; sourceTree = "<group>"; };
		4762805E28A836990068F752 /* MediumIntArrayTasks.swift */ = {isa = PBXFileReference; lastKnownFileType = sourcecode.swift; path = MediumIntArrayTasks.swift; sourceTree = "<group>"; };
		4766BF4528B56D8200081145 /* TestCases.swift */ = {isa = PBXFileReference; lastKnownFileType = sourcecode.swift; path = TestCases.swift; sourceTree = "<group>"; };
		4766BF4828B574FA00081145 /* DataStructuresSupporing.swift */ = {isa = PBXFileReference; lastKnownFileType = sourcecode.swift; path = DataStructuresSupporing.swift; sourceTree = "<group>"; };
		4766BF4E28B830E300081145 /* EasyQueueTasks.swift */ = {isa = PBXFileReference; lastKnownFileType = sourcecode.swift; path = EasyQueueTasks.swift; sourceTree = "<group>"; };
		476DFD4D2883A04D009C266B /* EasyLinkedListTasks.swift */ = {isa = PBXFileReference; lastKnownFileType = sourcecode.swift; path = EasyLinkedListTasks.swift; sourceTree = "<group>"; };
		476DFD4F2883A066009C266B /* DataStructures.swift */ = {isa = PBXFileReference; lastKnownFileType = sourcecode.swift; path = DataStructures.swift; sourceTree = "<group>"; };
		476DFD61288A111B009C266B /* EasyIntTasks.swift */ = {isa = PBXFileReference; lastKnownFileType = sourcecode.swift; path = EasyIntTasks.swift; sourceTree = "<group>"; };
		476DFD6D288A43B1009C266B /* EasyStringTasks.swift */ = {isa = PBXFileReference; lastKnownFileType = sourcecode.swift; path = EasyStringTasks.swift; sourceTree = "<group>"; };
		4780DB0D28A69B1C00CC3615 /* EasyBinaryTreeTasks.swift */ = {isa = PBXFileReference; lastKnownFileType = sourcecode.swift; path = EasyBinaryTreeTasks.swift; sourceTree = "<group>"; };
		4795A31428ADB089008B39EE /* EasyStringArrayTasks.swift */ = {isa = PBXFileReference; lastKnownFileType = sourcecode.swift; path = EasyStringArrayTasks.swift; sourceTree = "<group>"; };
		4795A31B28ADB3D3008B39EE /* TestAlgorithms.xctest */ = {isa = PBXFileReference; explicitFileType = wrapper.cfbundle; includeInIndex = 0; path = TestAlgorithms.xctest; sourceTree = BUILT_PRODUCTS_DIR; };
		4795A31D28ADB3D3008B39EE /* TestAlgorithms.swift */ = {isa = PBXFileReference; lastKnownFileType = sourcecode.swift; path = TestAlgorithms.swift; sourceTree = "<group>"; };
		47B8C48B28BE984700107689 /* TestEasyStringTasks.swift */ = {isa = PBXFileReference; lastKnownFileType = sourcecode.swift; path = TestEasyStringTasks.swift; sourceTree = "<group>"; };
/* End PBXFileReference section */

/* Begin PBXFrameworksBuildPhase section */
		47189D04288B92BA00FFB1A1 /* Frameworks */ = {
			isa = PBXFrameworksBuildPhase;
			buildActionMask = 2147483647;
			files = (
			);
			runOnlyForDeploymentPostprocessing = 0;
		};
		472A99222883956800D7ACEE /* Frameworks */ = {
			isa = PBXFrameworksBuildPhase;
			buildActionMask = 2147483647;
			files = (
			);
			runOnlyForDeploymentPostprocessing = 0;
		};
		472A99302883958200D7ACEE /* Frameworks */ = {
			isa = PBXFrameworksBuildPhase;
			buildActionMask = 2147483647;
			files = (
			);
			runOnlyForDeploymentPostprocessing = 0;
		};
		472A99482883970800D7ACEE /* Frameworks */ = {
			isa = PBXFrameworksBuildPhase;
			buildActionMask = 2147483647;
			files = (
			);
			runOnlyForDeploymentPostprocessing = 0;
		};
		4795A31828ADB3D3008B39EE /* Frameworks */ = {
			isa = PBXFrameworksBuildPhase;
			buildActionMask = 2147483647;
			files = (
			);
			runOnlyForDeploymentPostprocessing = 0;
		};
/* End PBXFrameworksBuildPhase section */

/* Begin PBXGroup section */
		47189D08288B92BA00FFB1A1 /* Hard */ = {
			isa = PBXGroup;
			children = (
				47189D0E288B92C400FFB1A1 /* IntArray */,
			);
			path = Hard;
			sourceTree = "<group>";
		};
		47189D0E288B92C400FFB1A1 /* IntArray */ = {
			isa = PBXGroup;
			children = (
				47189D0F288B932500FFB1A1 /* HardIntArrayTasks.swift */,
				472621CF288C768B00B8D183 /* LongTextCase.rtf */,
			);
			path = IntArray;
			sourceTree = "<group>";
		};
		472621D0288C910D00B8D183 /* IntArray */ = {
			isa = PBXGroup;
			children = (
				472621D1288C913300B8D183 /* EasyIntArrayTasks.swift */,
			);
			path = IntArray;
			sourceTree = "<group>";
		};
		472A608928BFE2C100F614D7 /* SQL */ = {
			isa = PBXGroup;
			children = (
				472A608A28BFE2D400F614D7 /* EasySQLTasks.swift */,
			);
			path = SQL;
			sourceTree = "<group>";
		};
		472A991C2883956800D7ACEE = {
			isa = PBXGroup;
			children = (
				472A99272883956800D7ACEE /* Algorithms */,
				472A99342883958200D7ACEE /* Easy */,
				472A994C2883970800D7ACEE /* Medium */,
				47189D08288B92BA00FFB1A1 /* Hard */,
				4795A31C28ADB3D3008B39EE /* TestAlgorithms */,
				472A99262883956800D7ACEE /* Products */,
			);
			sourceTree = "<group>";
		};
		472A99262883956800D7ACEE /* Products */ = {
			isa = PBXGroup;
			children = (
				472A99252883956800D7ACEE /* Algorithms */,
				472A99332883958200D7ACEE /* Easy */,
				472A994B2883970800D7ACEE /* Medium */,
				47189D07288B92BA00FFB1A1 /* Hard */,
				4795A31B28ADB3D3008B39EE /* TestAlgorithms.xctest */,
			);
			name = Products;
			sourceTree = "<group>";
		};
		472A99272883956800D7ACEE /* Algorithms */ = {
			isa = PBXGroup;
			children = (
				472A995E2883985500D7ACEE /* Core */,
				476DFD4E2883A066009C266B /* Support */,
				472A99282883956800D7ACEE /* main.swift */,
			);
			path = Algorithms;
			sourceTree = "<group>";
		};
		472A99342883958200D7ACEE /* Easy */ = {
			isa = PBXGroup;
			children = (
				472A608928BFE2C100F614D7 /* SQL */,
				4766BF4D28B830C800081145 /* Queue */,
				4780DB0C28A69A8D00CC3615 /* BinaryTree */,
				472621D0288C910D00B8D183 /* IntArray */,
				476DFD6C288A43A1009C266B /* String */,
				4795A31328ADB058008B39EE /* StringArray */,
				476DFD60288A1108009C266B /* Int */,
				476DFD4C2883A04D009C266B /* LinkedList */,
			);
			path = Easy;
			sourceTree = "<group>";
		};
		472A994C2883970800D7ACEE /* Medium */ = {
			isa = PBXGroup;
			children = (
				4762805928A6F3D50068F752 /* HashMap */,
				4762805D28A8367A0068F752 /* IntArray */,
				472A99522883975200D7ACEE /* LinkedList */,
			);
			path = Medium;
			sourceTree = "<group>";
		};
		472A99522883975200D7ACEE /* LinkedList */ = {
			isa = PBXGroup;
			children = (
				472A99532883975B00D7ACEE /* MediumLinkedListTasks.swift */,
			);
			path = LinkedList;
			sourceTree = "<group>";
		};
		472A995E2883985500D7ACEE /* Core */ = {
			isa = PBXGroup;
			children = (
				472A995F2883985B00D7ACEE /* Solution.swift */,
			);
			path = Core;
			sourceTree = "<group>";
		};
		4762805928A6F3D50068F752 /* HashMap */ = {
			isa = PBXGroup;
			children = (
				4762805A28A6F3EB0068F752 /* MediumHashMap.swift */,
			);
			path = HashMap;
			sourceTree = "<group>";
		};
		4762805D28A8367A0068F752 /* IntArray */ = {
			isa = PBXGroup;
			children = (
				4762805E28A836990068F752 /* MediumIntArrayTasks.swift */,
			);
			path = IntArray;
			sourceTree = "<group>";
		};
		4766BF4D28B830C800081145 /* Queue */ = {
			isa = PBXGroup;
			children = (
				4766BF4E28B830E300081145 /* EasyQueueTasks.swift */,
			);
			path = Queue;
			sourceTree = "<group>";
		};
		476DFD4C2883A04D009C266B /* LinkedList */ = {
			isa = PBXGroup;
			children = (
				476DFD4D2883A04D009C266B /* EasyLinkedListTasks.swift */,
			);
			path = LinkedList;
			sourceTree = "<group>";
		};
		476DFD4E2883A066009C266B /* Support */ = {
			isa = PBXGroup;
			children = (
				476DFD4F2883A066009C266B /* DataStructures.swift */,
				4766BF4828B574FA00081145 /* DataStructuresSupporing.swift */,
				4766BF4528B56D8200081145 /* TestCases.swift */,
			);
			path = Support;
			sourceTree = SOURCE_ROOT;
		};
		476DFD60288A1108009C266B /* Int */ = {
			isa = PBXGroup;
			children = (
				476DFD61288A111B009C266B /* EasyIntTasks.swift */,
			);
			path = Int;
			sourceTree = "<group>";
		};
		476DFD6C288A43A1009C266B /* String */ = {
			isa = PBXGroup;
			children = (
				476DFD6D288A43B1009C266B /* EasyStringTasks.swift */,
			);
			path = String;
			sourceTree = "<group>";
		};
		4780DB0C28A69A8D00CC3615 /* BinaryTree */ = {
			isa = PBXGroup;
			children = (
				4780DB0D28A69B1C00CC3615 /* EasyBinaryTreeTasks.swift */,
			);
			path = BinaryTree;
			sourceTree = "<group>";
		};
		4795A31328ADB058008B39EE /* StringArray */ = {
			isa = PBXGroup;
			children = (
				4795A31428ADB089008B39EE /* EasyStringArrayTasks.swift */,
			);
			path = StringArray;
			sourceTree = "<group>";
		};
		4795A31C28ADB3D3008B39EE /* TestAlgorithms */ = {
			isa = PBXGroup;
			children = (
				4795A31D28ADB3D3008B39EE /* TestAlgorithms.swift */,
				47B8C48A28BE980A00107689 /* EasyStringTasks */,
			);
			path = TestAlgorithms;
			sourceTree = "<group>";
		};
		47B8C48A28BE980A00107689 /* EasyStringTasks */ = {
			isa = PBXGroup;
			children = (
				47B8C48B28BE984700107689 /* TestEasyStringTasks.swift */,
			);
			path = EasyStringTasks;
			sourceTree = "<group>";
		};
/* End PBXGroup section */

/* Begin PBXNativeTarget section */
		47189D06288B92BA00FFB1A1 /* Hard */ = {
			isa = PBXNativeTarget;
			buildConfigurationList = 47189D0D288B92BA00FFB1A1 /* Build configuration list for PBXNativeTarget "Hard" */;
			buildPhases = (
				47189D03288B92BA00FFB1A1 /* Sources */,
				47189D04288B92BA00FFB1A1 /* Frameworks */,
				47189D05288B92BA00FFB1A1 /* CopyFiles */,
			);
			buildRules = (
			);
			dependencies = (
			);
			name = Hard;
			productName = Hard;
			productReference = 47189D07288B92BA00FFB1A1 /* Hard */;
			productType = "com.apple.product-type.tool";
		};
		472A99242883956800D7ACEE /* Algorithms */ = {
			isa = PBXNativeTarget;
			buildConfigurationList = 472A992C2883956800D7ACEE /* Build configuration list for PBXNativeTarget "Algorithms" */;
			buildPhases = (
				472A99212883956800D7ACEE /* Sources */,
				472A99222883956800D7ACEE /* Frameworks */,
				472A99232883956800D7ACEE /* CopyFiles */,
			);
			buildRules = (
			);
			dependencies = (
			);
			name = Algorithms;
			productName = Algorithms;
			productReference = 472A99252883956800D7ACEE /* Algorithms */;
			productType = "com.apple.product-type.tool";
		};
		472A99322883958200D7ACEE /* Easy */ = {
			isa = PBXNativeTarget;
			buildConfigurationList = 472A99372883958200D7ACEE /* Build configuration list for PBXNativeTarget "Easy" */;
			buildPhases = (
				472A992F2883958200D7ACEE /* Sources */,
				472A99302883958200D7ACEE /* Frameworks */,
				472A99312883958200D7ACEE /* CopyFiles */,
			);
			buildRules = (
			);
			dependencies = (
			);
			name = Easy;
			productName = easy;
			productReference = 472A99332883958200D7ACEE /* Easy */;
			productType = "com.apple.product-type.tool";
		};
		472A994A2883970800D7ACEE /* Medium */ = {
			isa = PBXNativeTarget;
			buildConfigurationList = 472A994F2883970800D7ACEE /* Build configuration list for PBXNativeTarget "Medium" */;
			buildPhases = (
				472A99472883970800D7ACEE /* Sources */,
				472A99482883970800D7ACEE /* Frameworks */,
				472A99492883970800D7ACEE /* CopyFiles */,
			);
			buildRules = (
			);
			dependencies = (
			);
			name = Medium;
			productName = Medium;
			productReference = 472A994B2883970800D7ACEE /* Medium */;
			productType = "com.apple.product-type.tool";
		};
		4795A31A28ADB3D3008B39EE /* TestAlgorithms */ = {
			isa = PBXNativeTarget;
			buildConfigurationList = 4795A31F28ADB3D3008B39EE /* Build configuration list for PBXNativeTarget "TestAlgorithms" */;
			buildPhases = (
				4795A31728ADB3D3008B39EE /* Sources */,
				4795A31828ADB3D3008B39EE /* Frameworks */,
				4795A31928ADB3D3008B39EE /* Resources */,
			);
			buildRules = (
			);
			dependencies = (
			);
			name = TestAlgorithms;
			productName = TestAlgorithms;
			productReference = 4795A31B28ADB3D3008B39EE /* TestAlgorithms.xctest */;
			productType = "com.apple.product-type.bundle.unit-test";
		};
/* End PBXNativeTarget section */

/* Begin PBXProject section */
		472A991D2883956800D7ACEE /* Project object */ = {
			isa = PBXProject;
			attributes = {
				BuildIndependentTargetsInParallel = 1;
				LastSwiftUpdateCheck = 1310;
				LastUpgradeCheck = 1310;
				TargetAttributes = {
					47189D06288B92BA00FFB1A1 = {
						CreatedOnToolsVersion = 13.1;
						LastSwiftMigration = 1310;
					};
					472A99242883956800D7ACEE = {
						CreatedOnToolsVersion = 13.1;
					};
					472A99322883958200D7ACEE = {
						CreatedOnToolsVersion = 13.1;
					};
					472A994A2883970800D7ACEE = {
						CreatedOnToolsVersion = 13.1;
					};
					4795A31A28ADB3D3008B39EE = {
						CreatedOnToolsVersion = 13.1;
					};
				};
			};
			buildConfigurationList = 472A99202883956800D7ACEE /* Build configuration list for PBXProject "Algorithms" */;
			compatibilityVersion = "Xcode 13.0";
			developmentRegion = en;
			hasScannedForEncodings = 0;
			knownRegions = (
				en,
				Base,
			);
			mainGroup = 472A991C2883956800D7ACEE;
			productRefGroup = 472A99262883956800D7ACEE /* Products */;
			projectDirPath = "";
			projectRoot = "";
			targets = (
				472A99242883956800D7ACEE /* Algorithms */,
				472A99322883958200D7ACEE /* Easy */,
				472A994A2883970800D7ACEE /* Medium */,
				47189D06288B92BA00FFB1A1 /* Hard */,
				4795A31A28ADB3D3008B39EE /* TestAlgorithms */,
			);
		};
/* End PBXProject section */

/* Begin PBXResourcesBuildPhase section */
		4795A31928ADB3D3008B39EE /* Resources */ = {
			isa = PBXResourcesBuildPhase;
			buildActionMask = 2147483647;
			files = (
			);
			runOnlyForDeploymentPostprocessing = 0;
		};
/* End PBXResourcesBuildPhase section */

/* Begin PBXSourcesBuildPhase section */
		47189D03288B92BA00FFB1A1 /* Sources */ = {
			isa = PBXSourcesBuildPhase;
			buildActionMask = 2147483647;
			files = (
				472706CB288B936E00E2CCB1 /* DataStructures.swift in Sources */,
				472706CC288B937100E2CCB1 /* Solution.swift in Sources */,
			);
			runOnlyForDeploymentPostprocessing = 0;
		};
		472A99212883956800D7ACEE /* Sources */ = {
			isa = PBXSourcesBuildPhase;
			buildActionMask = 2147483647;
			files = (
				476DFD63288A1153009C266B /* EasyIntTasks.swift in Sources */,
				472706CF288B955800E2CCB1 /* HardIntArrayTasks.swift in Sources */,
				476DFD582883A099009C266B /* DataStructures.swift in Sources */,
				476DFD5F2883A108009C266B /* MediumLinkedListTasks.swift in Sources */,
				476DFD6A288A3931009C266B /* EasyLinkedListTasks.swift in Sources */,
				4766BF4628B56D8200081145 /* TestCases.swift in Sources */,
				4762806028A8384A0068F752 /* MediumIntArrayTasks.swift in Sources */,
				4762805B28A6F3EB0068F752 /* MediumHashMap.swift in Sources */,
				4766BF4928B574FA00081145 /* DataStructuresSupporing.swift in Sources */,
				472621D2288C913300B8D183 /* EasyIntArrayTasks.swift in Sources */,
				472A99602883985B00D7ACEE /* Solution.swift in Sources */,
				476DFD6F288A43C0009C266B /* EasyStringTasks.swift in Sources */,
				4766BF4F28B830E300081145 /* EasyQueueTasks.swift in Sources */,
				472A995D2883984000D7ACEE /* main.swift in Sources */,
				4795A31528ADB089008B39EE /* EasyStringArrayTasks.swift in Sources */,
				4762805728A69FD10068F752 /* EasyBinaryTreeTasks.swift in Sources */,
			);
			runOnlyForDeploymentPostprocessing = 0;
		};
		472A992F2883958200D7ACEE /* Sources */ = {
			isa = PBXSourcesBuildPhase;
			buildActionMask = 2147483647;
			files = (
				472A99622883986600D7ACEE /* Solution.swift in Sources */,
				476DFD64288A125B009C266B /* EasyIntTasks.swift in Sources */,
				4795A31628ADB089008B39EE /* EasyStringArrayTasks.swift in Sources */,
				476DFD6E288A43B1009C266B /* EasyStringTasks.swift in Sources */,
				476DFD562883A092009C266B /* DataStructures.swift in Sources */,
				4780DB0E28A69B1C00CC3615 /* EasyBinaryTreeTasks.swift in Sources */,
				472621D3288C913300B8D183 /* EasyIntArrayTasks.swift in Sources */,
				4795A32A28ADB56C008B39EE /* EasyLinkedListTasks.swift in Sources */,
				4766BF5028B830E300081145 /* EasyQueueTasks.swift in Sources */,
				472A608B28BFE2D400F614D7 /* EasySQLTasks.swift in Sources */,
			);
			runOnlyForDeploymentPostprocessing = 0;
		};
		472A99472883970800D7ACEE /* Sources */ = {
			isa = PBXSourcesBuildPhase;
			buildActionMask = 2147483647;
			files = (
				4762805C28A6F3EB0068F752 /* MediumHashMap.swift in Sources */,
				476DFD592883A09D009C266B /* DataStructures.swift in Sources */,
				472A99612883986600D7ACEE /* Solution.swift in Sources */,
			);
			runOnlyForDeploymentPostprocessing = 0;
		};
		4795A31728ADB3D3008B39EE /* Sources */ = {
			isa = PBXSourcesBuildPhase;
			buildActionMask = 2147483647;
			files = (
				4795A32B28ADB571008B39EE /* EasyIntTasks.swift in Sources */,
				4795A33028ADB5D7008B39EE /* main.swift in Sources */,
				4795A32C28ADB573008B39EE /* EasyLinkedListTasks.swift in Sources */,
				4795A32428ADB44E008B39EE /* EasyIntArrayTasks.swift in Sources */,
				4795A32628ADB548008B39EE /* MediumHashMap.swift in Sources */,
				4766BF4728B56D8200081145 /* TestCases.swift in Sources */,
				4795A31E28ADB3D3008B39EE /* TestAlgorithms.swift in Sources */,
				4795A32D28ADB576008B39EE /* EasyStringTasks.swift in Sources */,
				4766BF4A28B574FA00081145 /* DataStructuresSupporing.swift in Sources */,
				4795A32E28ADB57B008B39EE /* EasyBinaryTreeTasks.swift in Sources */,
				4795A32828ADB550008B39EE /* HardIntArrayTasks.swift in Sources */,
				47B8C48C28BE984700107689 /* TestEasyStringTasks.swift in Sources */,
				4795A32928ADB55F008B39EE /* MediumLinkedListTasks.swift in Sources */,
				4766BF5128B830E300081145 /* EasyQueueTasks.swift in Sources */,
				4795A32F28ADB580008B39EE /* DataStructures.swift in Sources */,
				4795A32528ADB485008B39EE /* Solution.swift in Sources */,
				4795A32728ADB54C008B39EE /* MediumIntArrayTasks.swift in Sources */,
			);
			runOnlyForDeploymentPostprocessing = 0;
		};
/* End PBXSourcesBuildPhase section */

/* Begin XCBuildConfiguration section */
		47189D0B288B92BA00FFB1A1 /* Debug */ = {
			isa = XCBuildConfiguration;
			buildSettings = {
				CLANG_ENABLE_MODULES = YES;
				CODE_SIGN_STYLE = Automatic;
				DEVELOPMENT_TEAM = 3R8784ZA8P;
				ENABLE_HARDENED_RUNTIME = YES;
				LD_RUNPATH_SEARCH_PATHS = (
					"$(inherited)",
					"@executable_path/../Frameworks",
					"@loader_path/../Frameworks",
				);
				PRODUCT_NAME = "$(TARGET_NAME)";
				SWIFT_OPTIMIZATION_LEVEL = "-Onone";
				SWIFT_VERSION = 5.0;
			};
			name = Debug;
		};
		47189D0C288B92BA00FFB1A1 /* Release */ = {
			isa = XCBuildConfiguration;
			buildSettings = {
				CLANG_ENABLE_MODULES = YES;
				CODE_SIGN_STYLE = Automatic;
				DEVELOPMENT_TEAM = 3R8784ZA8P;
				ENABLE_HARDENED_RUNTIME = YES;
				LD_RUNPATH_SEARCH_PATHS = (
					"$(inherited)",
					"@executable_path/../Frameworks",
					"@loader_path/../Frameworks",
				);
				PRODUCT_NAME = "$(TARGET_NAME)";
				SWIFT_VERSION = 5.0;
			};
			name = Release;
		};
		472A992A2883956800D7ACEE /* Debug */ = {
			isa = XCBuildConfiguration;
			buildSettings = {
				ALWAYS_SEARCH_USER_PATHS = NO;
				CLANG_ANALYZER_NONNULL = YES;
				CLANG_ANALYZER_NUMBER_OBJECT_CONVERSION = YES_AGGRESSIVE;
				CLANG_CXX_LANGUAGE_STANDARD = "gnu++17";
				CLANG_CXX_LIBRARY = "libc++";
				CLANG_ENABLE_MODULES = YES;
				CLANG_ENABLE_OBJC_ARC = YES;
				CLANG_ENABLE_OBJC_WEAK = YES;
				CLANG_WARN_BLOCK_CAPTURE_AUTORELEASING = YES;
				CLANG_WARN_BOOL_CONVERSION = YES;
				CLANG_WARN_COMMA = YES;
				CLANG_WARN_CONSTANT_CONVERSION = YES;
				CLANG_WARN_DEPRECATED_OBJC_IMPLEMENTATIONS = YES;
				CLANG_WARN_DIRECT_OBJC_ISA_USAGE = YES_ERROR;
				CLANG_WARN_DOCUMENTATION_COMMENTS = YES;
				CLANG_WARN_EMPTY_BODY = YES;
				CLANG_WARN_ENUM_CONVERSION = YES;
				CLANG_WARN_INFINITE_RECURSION = YES;
				CLANG_WARN_INT_CONVERSION = YES;
				CLANG_WARN_NON_LITERAL_NULL_CONVERSION = YES;
				CLANG_WARN_OBJC_IMPLICIT_RETAIN_SELF = YES;
				CLANG_WARN_OBJC_LITERAL_CONVERSION = YES;
				CLANG_WARN_OBJC_ROOT_CLASS = YES_ERROR;
				CLANG_WARN_QUOTED_INCLUDE_IN_FRAMEWORK_HEADER = YES;
				CLANG_WARN_RANGE_LOOP_ANALYSIS = YES;
				CLANG_WARN_STRICT_PROTOTYPES = YES;
				CLANG_WARN_SUSPICIOUS_MOVE = YES;
				CLANG_WARN_UNGUARDED_AVAILABILITY = YES_AGGRESSIVE;
				CLANG_WARN_UNREACHABLE_CODE = YES;
				CLANG_WARN__DUPLICATE_METHOD_MATCH = YES;
				COPY_PHASE_STRIP = NO;
				DEBUG_INFORMATION_FORMAT = dwarf;
				ENABLE_STRICT_OBJC_MSGSEND = YES;
				ENABLE_TESTABILITY = YES;
				GCC_C_LANGUAGE_STANDARD = gnu11;
				GCC_DYNAMIC_NO_PIC = NO;
				GCC_NO_COMMON_BLOCKS = YES;
				GCC_OPTIMIZATION_LEVEL = 0;
				GCC_PREPROCESSOR_DEFINITIONS = (
					"DEBUG=1",
					"$(inherited)",
				);
				GCC_WARN_64_TO_32_BIT_CONVERSION = YES;
				GCC_WARN_ABOUT_RETURN_TYPE = YES_ERROR;
				GCC_WARN_UNDECLARED_SELECTOR = YES;
				GCC_WARN_UNINITIALIZED_AUTOS = YES_AGGRESSIVE;
				GCC_WARN_UNUSED_FUNCTION = YES;
				GCC_WARN_UNUSED_VARIABLE = YES;
				MACOSX_DEPLOYMENT_TARGET = 11.6;
				MTL_ENABLE_DEBUG_INFO = INCLUDE_SOURCE;
				MTL_FAST_MATH = YES;
				ONLY_ACTIVE_ARCH = YES;
				SDKROOT = macosx;
				SWIFT_ACTIVE_COMPILATION_CONDITIONS = DEBUG;
				SWIFT_OPTIMIZATION_LEVEL = "-Onone";
			};
			name = Debug;
		};
		472A992B2883956800D7ACEE /* Release */ = {
			isa = XCBuildConfiguration;
			buildSettings = {
				ALWAYS_SEARCH_USER_PATHS = NO;
				CLANG_ANALYZER_NONNULL = YES;
				CLANG_ANALYZER_NUMBER_OBJECT_CONVERSION = YES_AGGRESSIVE;
				CLANG_CXX_LANGUAGE_STANDARD = "gnu++17";
				CLANG_CXX_LIBRARY = "libc++";
				CLANG_ENABLE_MODULES = YES;
				CLANG_ENABLE_OBJC_ARC = YES;
				CLANG_ENABLE_OBJC_WEAK = YES;
				CLANG_WARN_BLOCK_CAPTURE_AUTORELEASING = YES;
				CLANG_WARN_BOOL_CONVERSION = YES;
				CLANG_WARN_COMMA = YES;
				CLANG_WARN_CONSTANT_CONVERSION = YES;
				CLANG_WARN_DEPRECATED_OBJC_IMPLEMENTATIONS = YES;
				CLANG_WARN_DIRECT_OBJC_ISA_USAGE = YES_ERROR;
				CLANG_WARN_DOCUMENTATION_COMMENTS = YES;
				CLANG_WARN_EMPTY_BODY = YES;
				CLANG_WARN_ENUM_CONVERSION = YES;
				CLANG_WARN_INFINITE_RECURSION = YES;
				CLANG_WARN_INT_CONVERSION = YES;
				CLANG_WARN_NON_LITERAL_NULL_CONVERSION = YES;
				CLANG_WARN_OBJC_IMPLICIT_RETAIN_SELF = YES;
				CLANG_WARN_OBJC_LITERAL_CONVERSION = YES;
				CLANG_WARN_OBJC_ROOT_CLASS = YES_ERROR;
				CLANG_WARN_QUOTED_INCLUDE_IN_FRAMEWORK_HEADER = YES;
				CLANG_WARN_RANGE_LOOP_ANALYSIS = YES;
				CLANG_WARN_STRICT_PROTOTYPES = YES;
				CLANG_WARN_SUSPICIOUS_MOVE = YES;
				CLANG_WARN_UNGUARDED_AVAILABILITY = YES_AGGRESSIVE;
				CLANG_WARN_UNREACHABLE_CODE = YES;
				CLANG_WARN__DUPLICATE_METHOD_MATCH = YES;
				COPY_PHASE_STRIP = NO;
				DEBUG_INFORMATION_FORMAT = "dwarf-with-dsym";
				ENABLE_NS_ASSERTIONS = NO;
				ENABLE_STRICT_OBJC_MSGSEND = YES;
				GCC_C_LANGUAGE_STANDARD = gnu11;
				GCC_NO_COMMON_BLOCKS = YES;
				GCC_WARN_64_TO_32_BIT_CONVERSION = YES;
				GCC_WARN_ABOUT_RETURN_TYPE = YES_ERROR;
				GCC_WARN_UNDECLARED_SELECTOR = YES;
				GCC_WARN_UNINITIALIZED_AUTOS = YES_AGGRESSIVE;
				GCC_WARN_UNUSED_FUNCTION = YES;
				GCC_WARN_UNUSED_VARIABLE = YES;
				MACOSX_DEPLOYMENT_TARGET = 11.6;
				MTL_ENABLE_DEBUG_INFO = NO;
				MTL_FAST_MATH = YES;
				SDKROOT = macosx;
				SWIFT_COMPILATION_MODE = wholemodule;
				SWIFT_OPTIMIZATION_LEVEL = "-O";
			};
			name = Release;
		};
		472A992D2883956800D7ACEE /* Debug */ = {
			isa = XCBuildConfiguration;
			buildSettings = {
				CODE_SIGN_STYLE = Automatic;
				DEVELOPMENT_TEAM = 3R8784ZA8P;
				ENABLE_HARDENED_RUNTIME = YES;
				PRODUCT_NAME = "$(TARGET_NAME)";
				SWIFT_VERSION = 5.0;
			};
			name = Debug;
		};
		472A992E2883956800D7ACEE /* Release */ = {
			isa = XCBuildConfiguration;
			buildSettings = {
				CODE_SIGN_STYLE = Automatic;
				DEVELOPMENT_TEAM = 3R8784ZA8P;
				ENABLE_HARDENED_RUNTIME = YES;
				PRODUCT_NAME = "$(TARGET_NAME)";
				SWIFT_VERSION = 5.0;
			};
			name = Release;
		};
		472A99382883958200D7ACEE /* Debug */ = {
			isa = XCBuildConfiguration;
			buildSettings = {
				CODE_SIGN_STYLE = Automatic;
				DEVELOPMENT_TEAM = 3R8784ZA8P;
				ENABLE_HARDENED_RUNTIME = YES;
				PRODUCT_NAME = "$(TARGET_NAME)";
				SWIFT_VERSION = 5.0;
			};
			name = Debug;
		};
		472A99392883958200D7ACEE /* Release */ = {
			isa = XCBuildConfiguration;
			buildSettings = {
				CODE_SIGN_STYLE = Automatic;
				DEVELOPMENT_TEAM = 3R8784ZA8P;
				ENABLE_HARDENED_RUNTIME = YES;
				PRODUCT_NAME = "$(TARGET_NAME)";
				SWIFT_VERSION = 5.0;
			};
			name = Release;
		};
		472A99502883970800D7ACEE /* Debug */ = {
			isa = XCBuildConfiguration;
			buildSettings = {
				CODE_SIGN_STYLE = Automatic;
				DEVELOPMENT_TEAM = 3R8784ZA8P;
				ENABLE_HARDENED_RUNTIME = YES;
				PRODUCT_NAME = "$(TARGET_NAME)";
				SWIFT_VERSION = 5.0;
			};
			name = Debug;
		};
		472A99512883970800D7ACEE /* Release */ = {
			isa = XCBuildConfiguration;
			buildSettings = {
				CODE_SIGN_STYLE = Automatic;
				DEVELOPMENT_TEAM = 3R8784ZA8P;
				ENABLE_HARDENED_RUNTIME = YES;
				PRODUCT_NAME = "$(TARGET_NAME)";
				SWIFT_VERSION = 5.0;
			};
			name = Release;
		};
		4795A32028ADB3D3008B39EE /* Debug */ = {
			isa = XCBuildConfiguration;
			buildSettings = {
				CODE_SIGN_STYLE = Automatic;
				COMBINE_HIDPI_IMAGES = YES;
				CURRENT_PROJECT_VERSION = 1;
				DEVELOPMENT_TEAM = 3R8784ZA8P;
				GENERATE_INFOPLIST_FILE = YES;
				LD_RUNPATH_SEARCH_PATHS = (
					"$(inherited)",
					"@executable_path/../Frameworks",
					"@loader_path/../Frameworks",
				);
				MARKETING_VERSION = 1.0;
				PRODUCT_BUNDLE_IDENTIFIER = self.TestAlgorithms;
				PRODUCT_NAME = "$(TARGET_NAME)";
				SWIFT_EMIT_LOC_STRINGS = NO;
				SWIFT_VERSION = 5.0;
			};
			name = Debug;
		};
		4795A32128ADB3D3008B39EE /* Release */ = {
			isa = XCBuildConfiguration;
			buildSettings = {
				CODE_SIGN_STYLE = Automatic;
				COMBINE_HIDPI_IMAGES = YES;
				CURRENT_PROJECT_VERSION = 1;
				DEVELOPMENT_TEAM = 3R8784ZA8P;
				GENERATE_INFOPLIST_FILE = YES;
				LD_RUNPATH_SEARCH_PATHS = (
					"$(inherited)",
					"@executable_path/../Frameworks",
					"@loader_path/../Frameworks",
				);
				MARKETING_VERSION = 1.0;
				PRODUCT_BUNDLE_IDENTIFIER = self.TestAlgorithms;
				PRODUCT_NAME = "$(TARGET_NAME)";
				SWIFT_EMIT_LOC_STRINGS = NO;
				SWIFT_VERSION = 5.0;
			};
			name = Release;
		};
/* End XCBuildConfiguration section */

/* Begin XCConfigurationList section */
		47189D0D288B92BA00FFB1A1 /* Build configuration list for PBXNativeTarget "Hard" */ = {
			isa = XCConfigurationList;
			buildConfigurations = (
				47189D0B288B92BA00FFB1A1 /* Debug */,
				47189D0C288B92BA00FFB1A1 /* Release */,
			);
			defaultConfigurationIsVisible = 0;
			defaultConfigurationName = Release;
		};
		472A99202883956800D7ACEE /* Build configuration list for PBXProject "Algorithms" */ = {
			isa = XCConfigurationList;
			buildConfigurations = (
				472A992A2883956800D7ACEE /* Debug */,
				472A992B2883956800D7ACEE /* Release */,
			);
			defaultConfigurationIsVisible = 0;
			defaultConfigurationName = Release;
		};
		472A992C2883956800D7ACEE /* Build configuration list for PBXNativeTarget "Algorithms" */ = {
			isa = XCConfigurationList;
			buildConfigurations = (
				472A992D2883956800D7ACEE /* Debug */,
				472A992E2883956800D7ACEE /* Release */,
			);
			defaultConfigurationIsVisible = 0;
			defaultConfigurationName = Release;
		};
		472A99372883958200D7ACEE /* Build configuration list for PBXNativeTarget "Easy" */ = {
			isa = XCConfigurationList;
			buildConfigurations = (
				472A99382883958200D7ACEE /* Debug */,
				472A99392883958200D7ACEE /* Release */,
			);
			defaultConfigurationIsVisible = 0;
			defaultConfigurationName = Release;
		};
		472A994F2883970800D7ACEE /* Build configuration list for PBXNativeTarget "Medium" */ = {
			isa = XCConfigurationList;
			buildConfigurations = (
				472A99502883970800D7ACEE /* Debug */,
				472A99512883970800D7ACEE /* Release */,
			);
			defaultConfigurationIsVisible = 0;
			defaultConfigurationName = Release;
		};
		4795A31F28ADB3D3008B39EE /* Build configuration list for PBXNativeTarget "TestAlgorithms" */ = {
			isa = XCConfigurationList;
			buildConfigurations = (
				4795A32028ADB3D3008B39EE /* Debug */,
				4795A32128ADB3D3008B39EE /* Release */,
			);
			defaultConfigurationIsVisible = 0;
			defaultConfigurationName = Release;
		};
/* End XCConfigurationList section */
	};
	rootObject = 472A991D2883956800D7ACEE /* Project object */;
}
